
Microsoft Visual Studio Solution File, Format Version 12.00
# Visual Studio Version 17
VisualStudioVersion = 17.3.32929.385
MinimumVisualStudioVersion = 10.0.40219.1
Project("{FAE04EC0-301F-11D3-BF4B-00C04F79EFBC}") = "App", "App.csproj", "{FC647696-4C11-4BEA-AAC1-C2BB33F8F729}"
EndProject
Global
	GlobalSection(SolutionConfigurationPlatforms) = preSolution
		Debug|Any CPU = Debug|Any CPU
		Release|Any CPU = Release|Any CPU
	EndGlobalSection
	GlobalSection(ProjectConfigurationPlatforms) = postSolution
		{FC647696-4C11-4BEA-AAC1-C2BB33F8F729}.Debug|Any CPU.ActiveCfg = Debug|Any CPU
		{FC647696-4C11-4BEA-AAC1-C2BB33F8F729}.Debug|Any CPU.Build.0 = Debug|Any CPU
		{FC647696-4C11-4BEA-AAC1-C2BB33F8F729}.Release|Any CPU.ActiveCfg = Release|Any CPU
		{FC647696-4C11-4BEA-AAC1-C2BB33F8F729}.Release|Any CPU.Build.0 = Release|Any CPU
	EndGlobalSection
	GlobalSection(SolutionProperties) = preSolution
		HideSolutionNode = FALSE
	EndGlobalSection
	GlobalSection(ExtensibilityGlobals) = postSolution
		SolutionGuid = {9E731D44-4F97-4903-89B0-1632AB8C3FA6}
	EndGlobalSection
EndGlobal
